
Microsoft Visual Studio Solution File, Format Version 12.00
# Visual Studio Version 17
VisualStudioVersion = 17.7.34031.279
MinimumVisualStudioVersion = 10.0.40219.1
Project("{FAE04EC0-301F-11D3-BF4B-00C04F79EFBC}") = "graus_Fahrenheit_Em_Graus_Celsius", "graus_Fahrenheit_Em_Graus_Celsius\graus_Fahrenheit_Em_Graus_Celsius.csproj", "{FBAD2806-E0BF-4231-B271-02CB5822F375}"
EndProject
Global
	GlobalSection(SolutionConfigurationPlatforms) = preSolution
		Debug|Any CPU = Debug|Any CPU
		Release|Any CPU = Release|Any CPU
	EndGlobalSection
	GlobalSection(ProjectConfigurationPlatforms) = postSolution
		{FBAD2806-E0BF-4231-B271-02CB5822F375}.Debug|Any CPU.ActiveCfg = Debug|Any CPU
		{FBAD2806-E0BF-4231-B271-02CB5822F375}.Debug|Any CPU.Build.0 = Debug|Any CPU
		{FBAD2806-E0BF-4231-B271-02CB5822F375}.Release|Any CPU.ActiveCfg = Release|Any CPU
		{FBAD2806-E0BF-4231-B271-02CB5822F375}.Release|Any CPU.Build.0 = Release|Any CPU
	EndGlobalSection
	GlobalSection(SolutionProperties) = preSolution
		HideSolutionNode = FALSE
	EndGlobalSection
	GlobalSection(ExtensibilityGlobals) = postSolution
		SolutionGuid = {6B232B1E-109D-4302-975F-DBDA0F8C304D}
	EndGlobalSection
EndGlobal
